
Microsoft Visual Studio Solution File, Format Version 12.00
# Visual Studio Version 17
VisualStudioVersion = 17.10.34928.147
MinimumVisualStudioVersion = 10.0.40219.1
Project("{9A19103F-16F7-4668-BE54-9A1E7A4F7556}") = "pds.UI.WinForm", "pds.UI.WinForm.csproj", "{D4412656-1070-4C4B-ACD7-CFC2BAA6C1D3}"
EndProject
Project("{9A19103F-16F7-4668-BE54-9A1E7A4F7556}") = "pds.Domain", "..\pds.Domain\pds.Domain.csproj", "{FEF04ACB-5B2F-496E-BC21-D3DE13AABADD}"
EndProject
Global
	GlobalSection(SolutionConfigurationPlatforms) = preSolution
		Debug|Any CPU = Debug|Any CPU
		Release|Any CPU = Release|Any CPU
	EndGlobalSection
	GlobalSection(ProjectConfigurationPlatforms) = postSolution
		{D4412656-1070-4C4B-ACD7-CFC2BAA6C1D3}.Debug|Any CPU.ActiveCfg = Debug|Any CPU
		{D4412656-1070-4C4B-ACD7-CFC2BAA6C1D3}.Debug|Any CPU.Build.0 = Debug|Any CPU
		{D4412656-1070-4C4B-ACD7-CFC2BAA6C1D3}.Release|Any CPU.ActiveCfg = Release|Any CPU
		{D4412656-1070-4C4B-ACD7-CFC2BAA6C1D3}.Release|Any CPU.Build.0 = Release|Any CPU
		{FEF04ACB-5B2F-496E-BC21-D3DE13AABADD}.Debug|Any CPU.ActiveCfg = Debug|Any CPU
		{FEF04ACB-5B2F-496E-BC21-D3DE13AABADD}.Debug|Any CPU.Build.0 = Debug|Any CPU
		{FEF04ACB-5B2F-496E-BC21-D3DE13AABADD}.Release|Any CPU.ActiveCfg = Release|Any CPU
		{FEF04ACB-5B2F-496E-BC21-D3DE13AABADD}.Release|Any CPU.Build.0 = Release|Any CPU
	EndGlobalSection
	GlobalSection(SolutionProperties) = preSolution
		HideSolutionNode = FALSE
	EndGlobalSection
	GlobalSection(ExtensibilityGlobals) = postSolution
		SolutionGuid = {B4C53BB2-C80E-455E-B45A-B5BA23C4CD3C}
	EndGlobalSection
EndGlobal
